{
  "version": 1,
  "dependencies": {
    "net8.0": {
      "Confluent.Kafka": {
        "type": "Direct",
        "requested": "[2.3.0, )",
        "resolved": "2.3.0",
        "contentHash": "JSBXN/X7bBNS92bgZp82v1oT58kw9ndpKSGC5VgELeM/HgXUTssFkG3gEPEGd3cOIa5MMJSLe6+gYwzzjdAJPw==",
        "dependencies": {
          "System.Memory": "4.5.0",
          "librdkafka.redist": "2.3.0"
        }
      },
      "StyleCop.Analyzers": {
        "type": "Direct",
        "requested": "[1.1.118, )",
        "resolved": "1.1.118",
        "contentHash": "Onx6ovGSqXSK07n/0eM3ZusiNdB6cIlJdabQhWGgJp3Vooy9AaLS/tigeybOJAobqbtggTamoWndz72JscZBvw=="
      },
      "librdkafka.redist": {
        "type": "Transitive",
        "resolved": "2.3.0",
        "contentHash": "pH5zFZ0S56Wl6UfRkmDJN2AjHlPdVxlTskncFnL27LLGQuuY2dAU8YrZBkduBOws4tURS2TaTp1aPsY3qeJ0bw=="
      },
      "System.Memory": {
        "type": "Transitive",
        "resolved": "4.5.0",
        "contentHash": "m0psCSpUxTGfvwyO0i03ajXVhgBqyXlibXz0Mo1dtKGjaHrXFLnuQ8rNBTmWRqbfRjr4eC6Wah4X5FfuFDu5og=="
      }
    }
  }
}