
Microsoft Visual Studio Solution File, Format Version 12.00
Project("{FAE04EC0-301F-11D3-BF4B-00C04F79EFBC}") = "KafkaTestapp01", "KafkaTestapp01\KafkaTestapp01.csproj", "{793D03BE-6B80-4247-BF32-266D2C858D1A}"
EndProject
Global
	GlobalSection(SolutionConfigurationPlatforms) = preSolution
		Debug|Any CPU = Debug|Any CPU
		Release|Any CPU = Release|Any CPU
	EndGlobalSection
	GlobalSection(ProjectConfigurationPlatforms) = postSolution
		{793D03BE-6B80-4247-BF32-266D2C858D1A}.Debug|Any CPU.ActiveCfg = Debug|Any CPU
		{793D03BE-6B80-4247-BF32-266D2C858D1A}.Debug|Any CPU.Build.0 = Debug|Any CPU
		{793D03BE-6B80-4247-BF32-266D2C858D1A}.Release|Any CPU.ActiveCfg = Release|Any CPU
		{793D03BE-6B80-4247-BF32-266D2C858D1A}.Release|Any CPU.Build.0 = Release|Any CPU
	EndGlobalSection
EndGlobal
